<?xml version="1.0" encoding="utf-8"?>
<Project ToolsVersion="4.0" xmlns="http://schemas.microsoft.com/developer/msbuild/2003">
  <ItemGroup>
    <Filter Include="Source Files">
      <UniqueIdentifier>{4FC737F1-C7A5-4376-A066-2A32D752A2FF}</UniqueIdentifier>
      <Extensions>cpp;c;cc;cxx;c++;cppm;ixx;def;odl;idl;hpj;bat;asm;asmx</Extensions>
    </Filter>
    <Filter Include="Header Files">
      <UniqueIdentifier>{93995380-89BD-4b04-88EB-625FBE52EBFB}</UniqueIdentifier>
      <Extensions>h;hh;hpp;hxx;h++;hm;inl;inc;ipp;ixx;xsd</Extensions>
    </Filter>
  </ItemGroup>
  <ItemGroup>
    <ClCompile Include="11.cpp">
      <Filter>Source Files</Filter>
    </ClCompile>
    <ClCompile Include="act_comm.cpp">
      <Filter>Source Files</Filter>
    </ClCompile>
    <ClCompile Include="act_info.cpp">
      <Filter>Source Files</Filter>
    </ClCompile>
    <ClCompile Include="act_move.cpp">
      <Filter>Source Files</Filter>
    </ClCompile>
    <ClCompile Include="act_obj.cpp">
      <Filter>Source Files</Filter>
    </ClCompile>
    <ClCompile Include="act_wiz.cpp">
      <Filter>Source Files</Filter>
    </ClCompile>
    <ClCompile Include="boards.cpp">
      <Filter>Source Files</Filter>
    </ClCompile>
    <ClCompile Include="bounty.cpp">
      <Filter>Source Files</Filter>
    </ClCompile>
    <ClCompile Include="build.cpp">
      <Filter>Source Files</Filter>
    </ClCompile>
    <ClCompile Include="clans.cpp">
      <Filter>Source Files</Filter>
    </ClCompile>
    <ClCompile Include="color.cpp">
      <Filter>Source Files</Filter>
    </ClCompile>
    <ClCompile Include="comm.cpp">
      <Filter>Source Files</Filter>
    </ClCompile>
    <ClCompile Include="comments.cpp">
      <Filter>Source Files</Filter>
    </ClCompile>
    <ClCompile Include="const.cpp">
      <Filter>Source Files</Filter>
    </ClCompile>
    <ClCompile Include="db.cpp">
      <Filter>Source Files</Filter>
    </ClCompile>
    <ClCompile Include="dns.cpp">
      <Filter>Source Files</Filter>
    </ClCompile>
    <ClCompile Include="editor.cpp">
      <Filter>Source Files</Filter>
    </ClCompile>
    <ClCompile Include="fight.cpp">
      <Filter>Source Files</Filter>
    </ClCompile>
    <ClCompile Include="finfo.cpp">
      <Filter>Source Files</Filter>
    </ClCompile>
    <ClCompile Include="force.cpp">
      <Filter>Source Files</Filter>
    </ClCompile>
    <ClCompile Include="fskills.cpp">
      <Filter>Source Files</Filter>
    </ClCompile>
    <ClCompile Include="functions.cpp">
      <Filter>Source Files</Filter>
    </ClCompile>
    <ClCompile Include="handler.cpp">
      <Filter>Source Files</Filter>
    </ClCompile>
    <ClCompile Include="hashstr.cpp">
      <Filter>Source Files</Filter>
    </ClCompile>
    <ClCompile Include="hotboot.cpp">
      <Filter>Source Files</Filter>
    </ClCompile>
    <ClCompile Include="hunter.cpp">
      <Filter>Source Files</Filter>
    </ClCompile>
    <ClCompile Include="imc.cpp">
      <Filter>Source Files</Filter>
    </ClCompile>
    <ClCompile Include="interp.cpp">
      <Filter>Source Files</Filter>
    </ClCompile>
    <ClCompile Include="magic.cpp">
      <Filter>Source Files</Filter>
    </ClCompile>
    <ClCompile Include="makeobjs.cpp">
      <Filter>Source Files</Filter>
    </ClCompile>
    <ClCompile Include="marriage.cpp">
      <Filter>Source Files</Filter>
    </ClCompile>
    <ClCompile Include="mccp.cpp">
      <Filter>Source Files</Filter>
    </ClCompile>
    <ClCompile Include="misc.cpp">
      <Filter>Source Files</Filter>
    </ClCompile>
    <ClCompile Include="mssp.cpp">
      <Filter>Source Files</Filter>
    </ClCompile>
    <ClCompile Include="mud_comm.cpp">
      <Filter>Source Files</Filter>
    </ClCompile>
    <ClCompile Include="mud_prog.cpp">
      <Filter>Source Files</Filter>
    </ClCompile>
    <ClCompile Include="newarena.cpp">
      <Filter>Source Files</Filter>
    </ClCompile>
    <ClCompile Include="pfiles.cpp">
      <Filter>Source Files</Filter>
    </ClCompile>
    <ClCompile Include="planets.cpp">
      <Filter>Source Files</Filter>
    </ClCompile>
    <ClCompile Include="player.cpp">
      <Filter>Source Files</Filter>
    </ClCompile>
    <ClCompile Include="reset.cpp">
      <Filter>Source Files</Filter>
    </ClCompile>
    <ClCompile Include="resolver.cpp">
      <Filter>Source Files</Filter>
    </ClCompile>
    <ClCompile Include="save.cpp">
      <Filter>Source Files</Filter>
    </ClCompile>
    <ClCompile Include="sha256.cpp">
      <Filter>Source Files</Filter>
    </ClCompile>
    <ClCompile Include="ships.cpp">
      <Filter>Source Files</Filter>
    </ClCompile>
    <ClCompile Include="shops.cpp">
      <Filter>Source Files</Filter>
    </ClCompile>
    <ClCompile Include="skills.cpp">
      <Filter>Source Files</Filter>
    </ClCompile>
    <ClCompile Include="slicers.cpp">
      <Filter>Source Files</Filter>
    </ClCompile>
    <ClCompile Include="space.cpp">
      <Filter>Source Files</Filter>
    </ClCompile>
    <ClCompile Include="special.cpp">
      <Filter>Source Files</Filter>
    </ClCompile>
    <ClCompile Include="swskills.cpp">
      <Filter>Source Files</Filter>
    </ClCompile>
    <ClCompile Include="tables.cpp">
      <Filter>Source Files</Filter>
    </ClCompile>
    <ClCompile Include="tech.cpp">
      <Filter>Source Files</Filter>
    </ClCompile>
    <ClCompile Include="track.cpp">
      <Filter>Source Files</Filter>
    </ClCompile>
    <ClCompile Include="update.cpp">
      <Filter>Source Files</Filter>
    </ClCompile>
  </ItemGroup>
  <ItemGroup>
    <ClInclude Include="bet.h">
      <Filter>Header Files</Filter>
    </ClInclude>
    <ClInclude Include="color.h">
      <Filter>Header Files</Filter>
    </ClInclude>
    <ClInclude Include="dns.h">
      <Filter>Header Files</Filter>
    </ClInclude>
    <ClInclude Include="hotboot.h">
      <Filter>Header Files</Filter>
    </ClInclude>
    <ClInclude Include="imc.h">
      <Filter>Header Files</Filter>
    </ClInclude>
    <ClInclude Include="imccfg.h">
      <Filter>Header Files</Filter>
    </ClInclude>
    <ClInclude Include="mccp.h">
      <Filter>Header Files</Filter>
    </ClInclude>
    <ClInclude Include="mssp.h">
      <Filter>Header Files</Filter>
    </ClInclude>
    <ClInclude Include="mud.h">
      <Filter>Header Files</Filter>
    </ClInclude>
    <ClInclude Include="pfiles.h">
      <Filter>Header Files</Filter>
    </ClInclude>
    <ClInclude Include="sha256.h">
      <Filter>Header Files</Filter>
    </ClInclude>
  </ItemGroup>
</Project>